dependencies:
- name: postgresql
  repository: https://charts.bitnami.com/bitnami
  version: 10.3.11
- name: redis
  repository: https://charts.bitnami.com/bitnami
  version: 11.3.4
- name: temporal
  repository: https://brimsec.github.io/helm-chart/
  version: 0.2.2
- name: zqd-temporal
  repository: ""
  version: 0.1.0
digest: sha256:30e1204089fa9c8c3095509044b11d9ce071bfd0427ad22fda00360dbb25b09c
generated: "2021-03-06T23:12:36.419832-08:00"
